// !$*UTF8*$!
{
	archiveVersion = 1;
	classes = {
	};
	objectVersion = 46;
	objects = {

/* Begin PBXBuildFile section */
		90609DD622C50BEE002CF3ED /* main.c in Sources */ = {isa = PBXBuildFile; fileRef = 90609DD522C50BEE002CF3ED /* main.c */; };
		90609E0022C50FE0002CF3ED /* dlink.c in Sources */ = {isa = PBXBuildFile; fileRef = 90609DFA22C50FE0002CF3ED /* dlink.c */; };
		90609E0122C50FE0002CF3ED /* slink.c in Sources */ = {isa = PBXBuildFile; fileRef = 90609DFC22C50FE0002CF3ED /* slink.c */; };
		90609E0222C50FE0002CF3ED /* single_link.c in Sources */ = {isa = PBXBuildFile; fileRef = 90609DFE22C50FE0002CF3ED /* single_link.c */; };
		90609E0622C50FFE002CF3ED /* array_queue.c in Sources */ = {isa = PBXBuildFile; fileRef = 90609E0322C50FFE002CF3ED /* array_queue.c */; };
		90609E0722C50FFE002CF3ED /* link_queue.c in Sources */ = {isa = PBXBuildFile; fileRef = 90609E0422C50FFE002CF3ED /* link_queue.c */; };
		90609E0B22C5100D002CF3ED /* array_stack.c in Sources */ = {isa = PBXBuildFile; fileRef = 90609E0822C5100D002CF3ED /* array_stack.c */; };
		90609E0C22C5100D002CF3ED /* min_value_stack.c in Sources */ = {isa = PBXBuildFile; fileRef = 90609E0922C5100D002CF3ED /* min_value_stack.c */; };
		90609E0E22C5101A002CF3ED /* float_reverse.c in Sources */ = {isa = PBXBuildFile; fileRef = 90609E0D22C5101A002CF3ED /* float_reverse.c */; };
		90954D0D232BF43700AC3757 /* sort.c in Sources */ = {isa = PBXBuildFile; fileRef = 90954D0A232BF43700AC3757 /* sort.c */; };
		90954D0E232BF43700AC3757 /* main.c in Sources */ = {isa = PBXBuildFile; fileRef = 90954D0B232BF43700AC3757 /* main.c */; };
/* End PBXBuildFile section */

/* Begin PBXCopyFilesBuildPhase section */
		90609DD022C50BEE002CF3ED /* CopyFiles */ = {
			isa = PBXCopyFilesBuildPhase;
			buildActionMask = 2147483647;
			dstPath = /usr/share/man/man1/;
			dstSubfolderSpec = 0;
			files = (
			);
			runOnlyForDeploymentPostprocessing = 1;
		};
/* End PBXCopyFilesBuildPhase section */

/* Begin PBXFileReference section */
		90609DD222C50BEE002CF3ED /* struct */ = {isa = PBXFileReference; explicitFileType = "compiled.mach-o.executable"; includeInIndex = 0; path = struct; sourceTree = BUILT_PRODUCTS_DIR; };
		90609DD522C50BEE002CF3ED /* main.c */ = {isa = PBXFileReference; lastKnownFileType = sourcecode.c.c; path = main.c; sourceTree = "<group>"; };
		90609DFA22C50FE0002CF3ED /* dlink.c */ = {isa = PBXFileReference; fileEncoding = 4; lastKnownFileType = sourcecode.c.c; path = dlink.c; sourceTree = "<group>"; };
		90609DFB22C50FE0002CF3ED /* dlink.h */ = {isa = PBXFileReference; fileEncoding = 4; lastKnownFileType = sourcecode.c.h; path = dlink.h; sourceTree = "<group>"; };
		90609DFC22C50FE0002CF3ED /* slink.c */ = {isa = PBXFileReference; fileEncoding = 4; lastKnownFileType = sourcecode.c.c; path = slink.c; sourceTree = "<group>"; };
		90609DFD22C50FE0002CF3ED /* slink.h */ = {isa = PBXFileReference; fileEncoding = 4; lastKnownFileType = sourcecode.c.h; path = slink.h; sourceTree = "<group>"; };
		90609DFE22C50FE0002CF3ED /* single_link.c */ = {isa = PBXFileReference; fileEncoding = 4; lastKnownFileType = sourcecode.c.c; path = single_link.c; sourceTree = "<group>"; };
		90609DFF22C50FE0002CF3ED /* single_link.h */ = {isa = PBXFileReference; fileEncoding = 4; lastKnownFileType = sourcecode.c.h; path = single_link.h; sourceTree = "<group>"; };
		90609E0322C50FFE002CF3ED /* array_queue.c */ = {isa = PBXFileReference; fileEncoding = 4; lastKnownFileType = sourcecode.c.c; path = array_queue.c; sourceTree = "<group>"; };
		90609E0422C50FFE002CF3ED /* link_queue.c */ = {isa = PBXFileReference; fileEncoding = 4; lastKnownFileType = sourcecode.c.c; path = link_queue.c; sourceTree = "<group>"; };
		90609E0522C50FFE002CF3ED /* link_queue.h */ = {isa = PBXFileReference; fileEncoding = 4; lastKnownFileType = sourcecode.c.h; path = link_queue.h; sourceTree = "<group>"; };
		90609E0822C5100D002CF3ED /* array_stack.c */ = {isa = PBXFileReference; fileEncoding = 4; lastKnownFileType = sourcecode.c.c; path = array_stack.c; sourceTree = "<group>"; };
		90609E0922C5100D002CF3ED /* min_value_stack.c */ = {isa = PBXFileReference; fileEncoding = 4; lastKnownFileType = sourcecode.c.c; path = min_value_stack.c; sourceTree = "<group>"; };
		90609E0A22C5100D002CF3ED /* min_value_stack.h */ = {isa = PBXFileReference; fileEncoding = 4; lastKnownFileType = sourcecode.c.h; path = min_value_stack.h; sourceTree = "<group>"; };
		90609E0D22C5101A002CF3ED /* float_reverse.c */ = {isa = PBXFileReference; fileEncoding = 4; lastKnownFileType = sourcecode.c.c; path = float_reverse.c; sourceTree = "<group>"; };
		90954D0A232BF43700AC3757 /* sort.c */ = {isa = PBXFileReference; fileEncoding = 4; lastKnownFileType = sourcecode.c.c; path = sort.c; sourceTree = "<group>"; };
		90954D0B232BF43700AC3757 /* main.c */ = {isa = PBXFileReference; fileEncoding = 4; lastKnownFileType = sourcecode.c.c; path = main.c; sourceTree = "<group>"; };
		90954D0C232BF43700AC3757 /* sort.h */ = {isa = PBXFileReference; fileEncoding = 4; lastKnownFileType = sourcecode.c.h; path = sort.h; sourceTree = "<group>"; };
/* End PBXFileReference section */

/* Begin PBXFrameworksBuildPhase section */
		90609DCF22C50BEE002CF3ED /* Frameworks */ = {
			isa = PBXFrameworksBuildPhase;
			buildActionMask = 2147483647;
			files = (
			);
			runOnlyForDeploymentPostprocessing = 0;
		};
/* End PBXFrameworksBuildPhase section */

/* Begin PBXGroup section */
		90609DC922C50BEE002CF3ED = {
			isa = PBXGroup;
			children = (
				90954D09232BF43700AC3757 /* sort */,
				90609DF922C50FB7002CF3ED /* stack */,
				90609DF822C50FB0002CF3ED /* queue */,
				90609DF722C50F98002CF3ED /* link */,
				90609DD422C50BEE002CF3ED /* struct */,
				90609DD322C50BEE002CF3ED /* Products */,
			);
			sourceTree = "<group>";
		};
		90609DD322C50BEE002CF3ED /* Products */ = {
			isa = PBXGroup;
			children = (
				90609DD222C50BEE002CF3ED /* struct */,
			);
			name = Products;
			sourceTree = "<group>";
		};
		90609DD422C50BEE002CF3ED /* struct */ = {
			isa = PBXGroup;
			children = (
				90609E0D22C5101A002CF3ED /* float_reverse.c */,
				90609DD522C50BEE002CF3ED /* main.c */,
			);
			path = struct;
			sourceTree = "<group>";
		};
		90609DF722C50F98002CF3ED /* link */ = {
			isa = PBXGroup;
			children = (
				90609DFA22C50FE0002CF3ED /* dlink.c */,
				90609DFB22C50FE0002CF3ED /* dlink.h */,
				90609DFC22C50FE0002CF3ED /* slink.c */,
				90609DFD22C50FE0002CF3ED /* slink.h */,
				90609DFE22C50FE0002CF3ED /* single_link.c */,
				90609DFF22C50FE0002CF3ED /* single_link.h */,
			);
			path = link;
			sourceTree = "<group>";
		};
		90609DF822C50FB0002CF3ED /* queue */ = {
			isa = PBXGroup;
			children = (
				90609E0322C50FFE002CF3ED /* array_queue.c */,
				90609E0422C50FFE002CF3ED /* link_queue.c */,
				90609E0522C50FFE002CF3ED /* link_queue.h */,
			);
			path = queue;
			sourceTree = "<group>";
		};
		90609DF922C50FB7002CF3ED /* stack */ = {
			isa = PBXGroup;
			children = (
				90609E0822C5100D002CF3ED /* array_stack.c */,
				90609E0922C5100D002CF3ED /* min_value_stack.c */,
				90609E0A22C5100D002CF3ED /* min_value_stack.h */,
			);
			path = stack;
			sourceTree = "<group>";
		};
		90954D09232BF43700AC3757 /* sort */ = {
			isa = PBXGroup;
			children = (
				90954D0A232BF43700AC3757 /* sort.c */,
				90954D0B232BF43700AC3757 /* main.c */,
				90954D0C232BF43700AC3757 /* sort.h */,
			);
			path = sort;
			sourceTree = "<group>";
		};
/* End PBXGroup section */

/* Begin PBXNativeTarget section */
		90609DD122C50BEE002CF3ED /* struct */ = {
			isa = PBXNativeTarget;
			buildConfigurationList = 90609DD922C50BEE002CF3ED /* Build configuration list for PBXNativeTarget "struct" */;
			buildPhases = (
				90609DCE22C50BEE002CF3ED /* Sources */,
				90609DCF22C50BEE002CF3ED /* Frameworks */,
				90609DD022C50BEE002CF3ED /* CopyFiles */,
			);
			buildRules = (
			);
			dependencies = (
			);
			name = struct;
			productName = struct;
			productReference = 90609DD222C50BEE002CF3ED /* struct */;
			productType = "com.apple.product-type.tool";
		};
/* End PBXNativeTarget section */

/* Begin PBXProject section */
		90609DCA22C50BEE002CF3ED /* Project object */ = {
			isa = PBXProject;
			attributes = {
				LastUpgradeCheck = 0830;
				ORGANIZATIONNAME = wongxp;
				TargetAttributes = {
					90609DD122C50BEE002CF3ED = {
						CreatedOnToolsVersion = 8.3.3;
						DevelopmentTeam = FT5AF35RGF;
						ProvisioningStyle = Automatic;
					};
				};
			};
			buildConfigurationList = 90609DCD22C50BEE002CF3ED /* Build configuration list for PBXProject "struct" */;
			compatibilityVersion = "Xcode 3.2";
			developmentRegion = English;
			hasScannedForEncodings = 0;
			knownRegions = (
				English,
				en,
			);
			mainGroup = 90609DC922C50BEE002CF3ED;
			productRefGroup = 90609DD322C50BEE002CF3ED /* Products */;
			projectDirPath = "";
			projectRoot = "";
			targets = (
				90609DD122C50BEE002CF3ED /* struct */,
			);
		};
/* End PBXProject section */

/* Begin PBXSourcesBuildPhase section */
		90609DCE22C50BEE002CF3ED /* Sources */ = {
			isa = PBXSourcesBuildPhase;
			buildActionMask = 2147483647;
			files = (
				90609E0122C50FE0002CF3ED /* slink.c in Sources */,
				90609E0222C50FE0002CF3ED /* single_link.c in Sources */,
				90609E0B22C5100D002CF3ED /* array_stack.c in Sources */,
				90609E0E22C5101A002CF3ED /* float_reverse.c in Sources */,
				90609E0022C50FE0002CF3ED /* dlink.c in Sources */,
				90954D0D232BF43700AC3757 /* sort.c in Sources */,
				90609E0622C50FFE002CF3ED /* array_queue.c in Sources */,
				90609DD622C50BEE002CF3ED /* main.c in Sources */,
				90954D0E232BF43700AC3757 /* main.c in Sources */,
				90609E0722C50FFE002CF3ED /* link_queue.c in Sources */,
				90609E0C22C5100D002CF3ED /* min_value_stack.c in Sources */,
			);
			runOnlyForDeploymentPostprocessing = 0;
		};
/* End PBXSourcesBuildPhase section */

/* Begin XCBuildConfiguration section */
		90609DD722C50BEE002CF3ED /* Debug */ = {
			isa = XCBuildConfiguration;
			buildSettings = {
				ALWAYS_SEARCH_USER_PATHS = NO;
				CLANG_ANALYZER_NONNULL = YES;
				CLANG_ANALYZER_NUMBER_OBJECT_CONVERSION = YES_AGGRESSIVE;
				CLANG_CXX_LANGUAGE_STANDARD = "gnu++0x";
				CLANG_CXX_LIBRARY = "libc++";
				CLANG_ENABLE_MODULES = YES;
				CLANG_ENABLE_OBJC_ARC = YES;
				CLANG_WARN_BOOL_CONVERSION = YES;
				CLANG_WARN_CONSTANT_CONVERSION = YES;
				CLANG_WARN_DIRECT_OBJC_ISA_USAGE = YES_ERROR;
				CLANG_WARN_DOCUMENTATION_COMMENTS = YES;
				CLANG_WARN_EMPTY_BODY = YES;
				CLANG_WARN_ENUM_CONVERSION = YES;
				CLANG_WARN_INFINITE_RECURSION = YES;
				CLANG_WARN_INT_CONVERSION = YES;
				CLANG_WARN_OBJC_ROOT_CLASS = YES_ERROR;
				CLANG_WARN_SUSPICIOUS_MOVE = YES;
				CLANG_WARN_UNREACHABLE_CODE = YES;
				CLANG_WARN__DUPLICATE_METHOD_MATCH = YES;
				CODE_SIGN_IDENTITY = "-";
				COPY_PHASE_STRIP = NO;
				DEBUG_INFORMATION_FORMAT = dwarf;
				ENABLE_STRICT_OBJC_MSGSEND = YES;
				ENABLE_TESTABILITY = YES;
				GCC_C_LANGUAGE_STANDARD = gnu99;
				GCC_DYNAMIC_NO_PIC = NO;
				GCC_NO_COMMON_BLOCKS = YES;
				GCC_OPTIMIZATION_LEVEL = 0;
				GCC_PREPROCESSOR_DEFINITIONS = (
					"DEBUG=1",
					"$(inherited)",
				);
				GCC_WARN_64_TO_32_BIT_CONVERSION = YES;
				GCC_WARN_ABOUT_RETURN_TYPE = YES_ERROR;
				GCC_WARN_UNDECLARED_SELECTOR = YES;
				GCC_WARN_UNINITIALIZED_AUTOS = YES_AGGRESSIVE;
				GCC_WARN_UNUSED_FUNCTION = YES;
				GCC_WARN_UNUSED_VARIABLE = YES;
				MACOSX_DEPLOYMENT_TARGET = 10.12;
				MTL_ENABLE_DEBUG_INFO = YES;
				ONLY_ACTIVE_ARCH = YES;
				SDKROOT = macosx;
			};
			name = Debug;
		};
		90609DD822C50BEE002CF3ED /* Release */ = {
			isa = XCBuildConfiguration;
			buildSettings = {
				ALWAYS_SEARCH_USER_PATHS = NO;
				CLANG_ANALYZER_NONNULL = YES;
				CLANG_ANALYZER_NUMBER_OBJECT_CONVERSION = YES_AGGRESSIVE;
				CLANG_CXX_LANGUAGE_STANDARD = "gnu++0x";
				CLANG_CXX_LIBRARY = "libc++";
				CLANG_ENABLE_MODULES = YES;
				CLANG_ENABLE_OBJC_ARC = YES;
				CLANG_WARN_BOOL_CONVERSION = YES;
				CLANG_WARN_CONSTANT_CONVERSION = YES;
				CLANG_WARN_DIRECT_OBJC_ISA_USAGE = YES_ERROR;
				CLANG_WARN_DOCUMENTATION_COMMENTS = YES;
				CLANG_WARN_EMPTY_BODY = YES;
				CLANG_WARN_ENUM_CONVERSION = YES;
				CLANG_WARN_INFINITE_RECURSION = YES;
				CLANG_WARN_INT_CONVERSION = YES;
				CLANG_WARN_OBJC_ROOT_CLASS = YES_ERROR;
				CLANG_WARN_SUSPICIOUS_MOVE = YES;
				CLANG_WARN_UNREACHABLE_CODE = YES;
				CLANG_WARN__DUPLICATE_METHOD_MATCH = YES;
				CODE_SIGN_IDENTITY = "-";
				COPY_PHASE_STRIP = NO;
				DEBUG_INFORMATION_FORMAT = "dwarf-with-dsym";
				ENABLE_NS_ASSERTIONS = NO;
				ENABLE_STRICT_OBJC_MSGSEND = YES;
				GCC_C_LANGUAGE_STANDARD = gnu99;
				GCC_NO_COMMON_BLOCKS = YES;
				GCC_WARN_64_TO_32_BIT_CONVERSION = YES;
				GCC_WARN_ABOUT_RETURN_TYPE = YES_ERROR;
				GCC_WARN_UNDECLARED_SELECTOR = YES;
				GCC_WARN_UNINITIALIZED_AUTOS = YES_AGGRESSIVE;
				GCC_WARN_UNUSED_FUNCTION = YES;
				GCC_WARN_UNUSED_VARIABLE = YES;
				MACOSX_DEPLOYMENT_TARGET = 10.12;
				MTL_ENABLE_DEBUG_INFO = NO;
				SDKROOT = macosx;
			};
			name = Release;
		};
		90609DDA22C50BEE002CF3ED /* Debug */ = {
			isa = XCBuildConfiguration;
			buildSettings = {
				DEVELOPMENT_TEAM = FT5AF35RGF;
				PRODUCT_NAME = "$(TARGET_NAME)";
			};
			name = Debug;
		};
		90609DDB22C50BEE002CF3ED /* Release */ = {
			isa = XCBuildConfiguration;
			buildSettings = {
				DEVELOPMENT_TEAM = FT5AF35RGF;
				PRODUCT_NAME = "$(TARGET_NAME)";
			};
			name = Release;
		};
/* End XCBuildConfiguration section */

/* Begin XCConfigurationList section */
		90609DCD22C50BEE002CF3ED /* Build configuration list for PBXProject "struct" */ = {
			isa = XCConfigurationList;
			buildConfigurations = (
				90609DD722C50BEE002CF3ED /* Debug */,
				90609DD822C50BEE002CF3ED /* Release */,
			);
			defaultConfigurationIsVisible = 0;
			defaultConfigurationName = Release;
		};
		90609DD922C50BEE002CF3ED /* Build configuration list for PBXNativeTarget "struct" */ = {
			isa = XCConfigurationList;
			buildConfigurations = (
				90609DDA22C50BEE002CF3ED /* Debug */,
				90609DDB22C50BEE002CF3ED /* Release */,
			);
			defaultConfigurationIsVisible = 0;
			defaultConfigurationName = Release;
		};
/* End XCConfigurationList section */
	};
	rootObject = 90609DCA22C50BEE002CF3ED /* Project object */;
}
